// !$*UTF8*$!
{
	archiveVersion = 1;
	classes = {
	};
	objectVersion = 46;
	objects = {

/* Begin PBXBuildFile section */
		263EDEE21F72090500F08DA9 /* main.m in Sources */ = {isa = PBXBuildFile; fileRef = 263EDEE11F72090500F08DA9 /* main.m */; };
		263EDEE51F72090500F08DA9 /* AppDelegate.m in Sources */ = {isa = PBXBuildFile; fileRef = 263EDEE41F72090500F08DA9 /* AppDelegate.m */; };
		263EDEE81F72090500F08DA9 /* HKYViewController.m in Sources */ = {isa = PBXBuildFile; fileRef = 263EDEE71F72090500F08DA9 /* HKYViewController.m */; };
		263EDEFA1F720F6C00F08DA9 /* Assets.xcassets in Resources */ = {isa = PBXBuildFile; fileRef = 263EDEF91F720F6C00F08DA9 /* Assets.xcassets */; };
		263EDF001F7243C900F08DA9 /* HKYDefineImagePickerController.m in Sources */ = {isa = PBXBuildFile; fileRef = 263EDEFF1F7243C900F08DA9 /* HKYDefineImagePickerController.m */; };
		263EDF0D1F726A0900F08DA9 /* HKYDefineAlertView.m in Sources */ = {isa = PBXBuildFile; fileRef = 263EDF0C1F726A0900F08DA9 /* HKYDefineAlertView.m */; };
		263EDF131F72855A00F08DA9 /* lan.png in Resources */ = {isa = PBXBuildFile; fileRef = 263EDF101F72855A00F08DA9 /* lan.png */; };
		263EDF141F72855A00F08DA9 /* lan@2x.png in Resources */ = {isa = PBXBuildFile; fileRef = 263EDF111F72855A00F08DA9 /* lan@2x.png */; };
		263EDF151F72855A00F08DA9 /* lan@3x.png in Resources */ = {isa = PBXBuildFile; fileRef = 263EDF121F72855A00F08DA9 /* lan@3x.png */; };
		2B0BB2BF207B42040056B6DE /* UIView+HKYExtension.m in Sources */ = {isa = PBXBuildFile; fileRef = 2B0BB2BD207B42040056B6DE /* UIView+HKYExtension.m */; };
/* End PBXBuildFile section */

/* Begin PBXFileReference section */
		263EDEDD1F72090500F08DA9 /* HKYTakePhoto.app */ = {isa = PBXFileReference; explicitFileType = wrapper.application; includeInIndex = 0; path = HKYTakePhoto.app; sourceTree = BUILT_PRODUCTS_DIR; };
		263EDEE11F72090500F08DA9 /* main.m */ = {isa = PBXFileReference; lastKnownFileType = sourcecode.c.objc; path = main.m; sourceTree = "<group>"; };
		263EDEE31F72090500F08DA9 /* AppDelegate.h */ = {isa = PBXFileReference; lastKnownFileType = sourcecode.c.h; path = AppDelegate.h; sourceTree = "<group>"; };
		263EDEE41F72090500F08DA9 /* AppDelegate.m */ = {isa = PBXFileReference; lastKnownFileType = sourcecode.c.objc; path = AppDelegate.m; sourceTree = "<group>"; };
		263EDEE61F72090500F08DA9 /* HKYViewController.h */ = {isa = PBXFileReference; lastKnownFileType = sourcecode.c.h; path = HKYViewController.h; sourceTree = "<group>"; };
		263EDEE71F72090500F08DA9 /* HKYViewController.m */ = {isa = PBXFileReference; lastKnownFileType = sourcecode.c.objc; path = HKYViewController.m; sourceTree = "<group>"; };
		263EDEF11F72090500F08DA9 /* Info.plist */ = {isa = PBXFileReference; lastKnownFileType = text.plist.xml; path = Info.plist; sourceTree = "<group>"; };
		263EDEF91F720F6C00F08DA9 /* Assets.xcassets */ = {isa = PBXFileReference; lastKnownFileType = folder.assetcatalog; path = Assets.xcassets; sourceTree = "<group>"; };
		263EDEFE1F7243C900F08DA9 /* HKYDefineImagePickerController.h */ = {isa = PBXFileReference; fileEncoding = 4; lastKnownFileType = sourcecode.c.h; path = HKYDefineImagePickerController.h; sourceTree = "<group>"; };
		263EDEFF1F7243C900F08DA9 /* HKYDefineImagePickerController.m */ = {isa = PBXFileReference; fileEncoding = 4; lastKnownFileType = sourcecode.c.objc; path = HKYDefineImagePickerController.m; sourceTree = "<group>"; };
		263EDF021F7245C400F08DA9 /* HKYPrefixHeader.pch */ = {isa = PBXFileReference; fileEncoding = 4; lastKnownFileType = sourcecode.c.h; path = HKYPrefixHeader.pch; sourceTree = "<group>"; };
		263EDF0B1F726A0900F08DA9 /* HKYDefineAlertView.h */ = {isa = PBXFileReference; fileEncoding = 4; lastKnownFileType = sourcecode.c.h; path = HKYDefineAlertView.h; sourceTree = "<group>"; };
		263EDF0C1F726A0900F08DA9 /* HKYDefineAlertView.m */ = {isa = PBXFileReference; fileEncoding = 4; lastKnownFileType = sourcecode.c.objc; path = HKYDefineAlertView.m; sourceTree = "<group>"; };
		263EDF101F72855A00F08DA9 /* lan.png */ = {isa = PBXFileReference; lastKnownFileType = image.png; path = lan.png; sourceTree = "<group>"; };
		263EDF111F72855A00F08DA9 /* lan@2x.png */ = {isa = PBXFileReference; lastKnownFileType = image.png; path = "lan@2x.png"; sourceTree = "<group>"; };
		263EDF121F72855A00F08DA9 /* lan@3x.png */ = {isa = PBXFileReference; lastKnownFileType = image.png; path = "lan@3x.png"; sourceTree = "<group>"; };
		2B0BB2BD207B42040056B6DE /* UIView+HKYExtension.m */ = {isa = PBXFileReference; fileEncoding = 4; lastKnownFileType = sourcecode.c.objc; path = "UIView+HKYExtension.m"; sourceTree = "<group>"; };
		2B0BB2BE207B42040056B6DE /* UIView+HKYExtension.h */ = {isa = PBXFileReference; fileEncoding = 4; lastKnownFileType = sourcecode.c.h; path = "UIView+HKYExtension.h"; sourceTree = "<group>"; };
/* End PBXFileReference section */

/* Begin PBXFrameworksBuildPhase section */
		263EDEDA1F72090500F08DA9 /* Frameworks */ = {
			isa = PBXFrameworksBuildPhase;
			buildActionMask = 2147483647;
			files = (
			);
			runOnlyForDeploymentPostprocessing = 0;
		};
/* End PBXFrameworksBuildPhase section */

/* Begin PBXGroup section */
		263EDED41F72090500F08DA9 = {
			isa = PBXGroup;
			children = (
				263EDEDF1F72090500F08DA9 /* HKYTakePhoto */,
				263EDEDE1F72090500F08DA9 /* Products */,
			);
			sourceTree = "<group>";
		};
		263EDEDE1F72090500F08DA9 /* Products */ = {
			isa = PBXGroup;
			children = (
				263EDEDD1F72090500F08DA9 /* HKYTakePhoto.app */,
			);
			name = Products;
			sourceTree = "<group>";
		};
		263EDEDF1F72090500F08DA9 /* HKYTakePhoto */ = {
			isa = PBXGroup;
			children = (
				263EDEE31F72090500F08DA9 /* AppDelegate.h */,
				263EDEE41F72090500F08DA9 /* AppDelegate.m */,
				263EDEE61F72090500F08DA9 /* HKYViewController.h */,
				263EDEE71F72090500F08DA9 /* HKYViewController.m */,
				263EDEFE1F7243C900F08DA9 /* HKYDefineImagePickerController.h */,
				263EDEFF1F7243C900F08DA9 /* HKYDefineImagePickerController.m */,
				263EDF0B1F726A0900F08DA9 /* HKYDefineAlertView.h */,
				263EDF0C1F726A0900F08DA9 /* HKYDefineAlertView.m */,
				2B0BB2BC207B42040056B6DE /* class */,
				263EDEE01F72090500F08DA9 /* Supporting Files */,
			);
			path = HKYTakePhoto;
			sourceTree = "<group>";
		};
		263EDEE01F72090500F08DA9 /* Supporting Files */ = {
			isa = PBXGroup;
			children = (
				263EDF021F7245C400F08DA9 /* HKYPrefixHeader.pch */,
				263EDEF91F720F6C00F08DA9 /* Assets.xcassets */,
				263EDF101F72855A00F08DA9 /* lan.png */,
				263EDF111F72855A00F08DA9 /* lan@2x.png */,
				263EDF121F72855A00F08DA9 /* lan@3x.png */,
				263EDEF11F72090500F08DA9 /* Info.plist */,
				263EDEE11F72090500F08DA9 /* main.m */,
			);
			name = "Supporting Files";
			sourceTree = "<group>";
		};
		2B0BB2BC207B42040056B6DE /* class */ = {
			isa = PBXGroup;
			children = (
				2B0BB2BD207B42040056B6DE /* UIView+HKYExtension.m */,
				2B0BB2BE207B42040056B6DE /* UIView+HKYExtension.h */,
			);
			path = class;
			sourceTree = "<group>";
		};
/* End PBXGroup section */

/* Begin PBXNativeTarget section */
		263EDEDC1F72090500F08DA9 /* HKYTakePhoto */ = {
			isa = PBXNativeTarget;
			buildConfigurationList = 263EDEF41F72090500F08DA9 /* Build configuration list for PBXNativeTarget "HKYTakePhoto" */;
			buildPhases = (
				263EDED91F72090500F08DA9 /* Sources */,
				263EDEDA1F72090500F08DA9 /* Frameworks */,
				263EDEDB1F72090500F08DA9 /* Resources */,
			);
			buildRules = (
			);
			dependencies = (
			);
			name = HKYTakePhoto;
			productName = HKYTakePhoto;
			productReference = 263EDEDD1F72090500F08DA9 /* HKYTakePhoto.app */;
			productType = "com.apple.product-type.application";
		};
/* End PBXNativeTarget section */

/* Begin PBXProject section */
		263EDED51F72090500F08DA9 /* Project object */ = {
			isa = PBXProject;
			attributes = {
				CLASSPREFIX = HKY;
				LastUpgradeCheck = 0830;
				ORGANIZATIONNAME = Vencent;
				TargetAttributes = {
					263EDEDC1F72090500F08DA9 = {
						CreatedOnToolsVersion = 8.3.3;
						DevelopmentTeam = DH6P4GZ73C;
						ProvisioningStyle = Automatic;
					};
				};
			};
			buildConfigurationList = 263EDED81F72090500F08DA9 /* Build configuration list for PBXProject "HKYTakePhoto" */;
			compatibilityVersion = "Xcode 3.2";
			developmentRegion = English;
			hasScannedForEncodings = 0;
			knownRegions = (
				en,
				Base,
			);
			mainGroup = 263EDED41F72090500F08DA9;
			productRefGroup = 263EDEDE1F72090500F08DA9 /* Products */;
			projectDirPath = "";
			projectRoot = "";
			targets = (
				263EDEDC1F72090500F08DA9 /* HKYTakePhoto */,
			);
		};
/* End PBXProject section */

/* Begin PBXResourcesBuildPhase section */
		263EDEDB1F72090500F08DA9 /* Resources */ = {
			isa = PBXResourcesBuildPhase;
			buildActionMask = 2147483647;
			files = (
				263EDEFA1F720F6C00F08DA9 /* Assets.xcassets in Resources */,
				263EDF141F72855A00F08DA9 /* lan@2x.png in Resources */,
				263EDF131F72855A00F08DA9 /* lan.png in Resources */,
				263EDF151F72855A00F08DA9 /* lan@3x.png in Resources */,
			);
			runOnlyForDeploymentPostprocessing = 0;
		};
/* End PBXResourcesBuildPhase section */

/* Begin PBXSourcesBuildPhase section */
		263EDED91F72090500F08DA9 /* Sources */ = {
			isa = PBXSourcesBuildPhase;
			buildActionMask = 2147483647;
			files = (
				263EDEE81F72090500F08DA9 /* HKYViewController.m in Sources */,
				263EDEE51F72090500F08DA9 /* AppDelegate.m in Sources */,
				263EDF0D1F726A0900F08DA9 /* HKYDefineAlertView.m in Sources */,
				263EDF001F7243C900F08DA9 /* HKYDefineImagePickerController.m in Sources */,
				263EDEE21F72090500F08DA9 /* main.m in Sources */,
				2B0BB2BF207B42040056B6DE /* UIView+HKYExtension.m in Sources */,
			);
			runOnlyForDeploymentPostprocessing = 0;
		};
/* End PBXSourcesBuildPhase section */

/* Begin XCBuildConfiguration section */
		263EDEF21F72090500F08DA9 /* Debug */ = {
			isa = XCBuildConfiguration;
			buildSettings = {
				ALWAYS_SEARCH_USER_PATHS = NO;
				CLANG_ANALYZER_NONNULL = YES;
				CLANG_ANALYZER_NUMBER_OBJECT_CONVERSION = YES_AGGRESSIVE;
				CLANG_CXX_LANGUAGE_STANDARD = "gnu++0x";
				CLANG_CXX_LIBRARY = "libc++";
				CLANG_ENABLE_MODULES = YES;
				CLANG_ENABLE_OBJC_ARC = YES;
				CLANG_WARN_BOOL_CONVERSION = YES;
				CLANG_WARN_CONSTANT_CONVERSION = YES;
				CLANG_WARN_DIRECT_OBJC_ISA_USAGE = YES_ERROR;
				CLANG_WARN_DOCUMENTATION_COMMENTS = YES;
				CLANG_WARN_EMPTY_BODY = YES;
				CLANG_WARN_ENUM_CONVERSION = YES;
				CLANG_WARN_INFINITE_RECURSION = YES;
				CLANG_WARN_INT_CONVERSION = YES;
				CLANG_WARN_OBJC_ROOT_CLASS = YES_ERROR;
				CLANG_WARN_SUSPICIOUS_MOVE = YES;
				CLANG_WARN_UNREACHABLE_CODE = YES;
				CLANG_WARN__DUPLICATE_METHOD_MATCH = YES;
				"CODE_SIGN_IDENTITY[sdk=iphoneos*]" = "iPhone Developer";
				COPY_PHASE_STRIP = NO;
				DEBUG_INFORMATION_FORMAT = dwarf;
				ENABLE_STRICT_OBJC_MSGSEND = YES;
				ENABLE_TESTABILITY = YES;
				GCC_C_LANGUAGE_STANDARD = gnu99;
				GCC_DYNAMIC_NO_PIC = NO;
				GCC_NO_COMMON_BLOCKS = YES;
				GCC_OPTIMIZATION_LEVEL = 0;
				GCC_PREPROCESSOR_DEFINITIONS = (
					"DEBUG=1",
					"$(inherited)",
				);
				GCC_WARN_64_TO_32_BIT_CONVERSION = YES;
				GCC_WARN_ABOUT_RETURN_TYPE = YES_ERROR;
				GCC_WARN_UNDECLARED_SELECTOR = YES;
				GCC_WARN_UNINITIALIZED_AUTOS = YES_AGGRESSIVE;
				GCC_WARN_UNUSED_FUNCTION = YES;
				GCC_WARN_UNUSED_VARIABLE = YES;
				IPHONEOS_DEPLOYMENT_TARGET = 10.3;
				MTL_ENABLE_DEBUG_INFO = YES;
				ONLY_ACTIVE_ARCH = YES;
				SDKROOT = iphoneos;
			};
			name = Debug;
		};
		263EDEF31F72090500F08DA9 /* Release */ = {
			isa = XCBuildConfiguration;
			buildSettings = {
				ALWAYS_SEARCH_USER_PATHS = NO;
				CLANG_ANALYZER_NONNULL = YES;
				CLANG_ANALYZER_NUMBER_OBJECT_CONVERSION = YES_AGGRESSIVE;
				CLANG_CXX_LANGUAGE_STANDARD = "gnu++0x";
				CLANG_CXX_LIBRARY = "libc++";
				CLANG_ENABLE_MODULES = YES;
				CLANG_ENABLE_OBJC_ARC = YES;
				CLANG_WARN_BOOL_CONVERSION = YES;
				CLANG_WARN_CONSTANT_CONVERSION = YES;
				CLANG_WARN_DIRECT_OBJC_ISA_USAGE = YES_ERROR;
				CLANG_WARN_DOCUMENTATION_COMMENTS = YES;
				CLANG_WARN_EMPTY_BODY = YES;
				CLANG_WARN_ENUM_CONVERSION = YES;
				CLANG_WARN_INFINITE_RECURSION = YES;
				CLANG_WARN_INT_CONVERSION = YES;
				CLANG_WARN_OBJC_ROOT_CLASS = YES_ERROR;
				CLANG_WARN_SUSPICIOUS_MOVE = YES;
				CLANG_WARN_UNREACHABLE_CODE = YES;
				CLANG_WARN__DUPLICATE_METHOD_MATCH = YES;
				"CODE_SIGN_IDENTITY[sdk=iphoneos*]" = "iPhone Developer";
				COPY_PHASE_STRIP = NO;
				DEBUG_INFORMATION_FORMAT = "dwarf-with-dsym";
				ENABLE_NS_ASSERTIONS = NO;
				ENABLE_STRICT_OBJC_MSGSEND = YES;
				GCC_C_LANGUAGE_STANDARD = gnu99;
				GCC_NO_COMMON_BLOCKS = YES;
				GCC_WARN_64_TO_32_BIT_CONVERSION = YES;
				GCC_WARN_ABOUT_RETURN_TYPE = YES_ERROR;
				GCC_WARN_UNDECLARED_SELECTOR = YES;
				GCC_WARN_UNINITIALIZED_AUTOS = YES_AGGRESSIVE;
				GCC_WARN_UNUSED_FUNCTION = YES;
				GCC_WARN_UNUSED_VARIABLE = YES;
				IPHONEOS_DEPLOYMENT_TARGET = 10.3;
				MTL_ENABLE_DEBUG_INFO = NO;
				SDKROOT = iphoneos;
				VALIDATE_PRODUCT = YES;
			};
			name = Release;
		};
		263EDEF51F72090500F08DA9 /* Debug */ = {
			isa = XCBuildConfiguration;
			buildSettings = {
				ASSETCATALOG_COMPILER_APPICON_NAME = AppIcon;
				ASSETCATALOG_COMPILER_LAUNCHIMAGE_NAME = LaunchImage;
				DEVELOPMENT_TEAM = DH6P4GZ73C;
				GCC_PRECOMPILE_PREFIX_HEADER = YES;
				GCC_PREFIX_HEADER = "$(SRCROOT)/HKYTakePhoto/HKYPrefixHeader.pch";
				INFOPLIST_FILE = HKYTakePhoto/Info.plist;
				LD_RUNPATH_SEARCH_PATHS = "$(inherited) @executable_path/Frameworks";
				PRODUCT_BUNDLE_IDENTIFIER = com.Vencent.HKYTakePhoto;
				PRODUCT_NAME = "$(TARGET_NAME)";
			};
			name = Debug;
		};
		263EDEF61F72090500F08DA9 /* Release */ = {
			isa = XCBuildConfiguration;
			buildSettings = {
				ASSETCATALOG_COMPILER_APPICON_NAME = AppIcon;
				ASSETCATALOG_COMPILER_LAUNCHIMAGE_NAME = LaunchImage;
				DEVELOPMENT_TEAM = DH6P4GZ73C;
				GCC_PRECOMPILE_PREFIX_HEADER = YES;
				GCC_PREFIX_HEADER = "$(SRCROOT)/HKYTakePhoto/HKYPrefixHeader.pch";
				INFOPLIST_FILE = HKYTakePhoto/Info.plist;
				LD_RUNPATH_SEARCH_PATHS = "$(inherited) @executable_path/Frameworks";
				PRODUCT_BUNDLE_IDENTIFIER = com.Vencent.HKYTakePhoto;
				PRODUCT_NAME = "$(TARGET_NAME)";
			};
			name = Release;
		};
/* End XCBuildConfiguration section */

/* Begin XCConfigurationList section */
		263EDED81F72090500F08DA9 /* Build configuration list for PBXProject "HKYTakePhoto" */ = {
			isa = XCConfigurationList;
			buildConfigurations = (
				263EDEF21F72090500F08DA9 /* Debug */,
				263EDEF31F72090500F08DA9 /* Release */,
			);
			defaultConfigurationIsVisible = 0;
			defaultConfigurationName = Release;
		};
		263EDEF41F72090500F08DA9 /* Build configuration list for PBXNativeTarget "HKYTakePhoto" */ = {
			isa = XCConfigurationList;
			buildConfigurations = (
				263EDEF51F72090500F08DA9 /* Debug */,
				263EDEF61F72090500F08DA9 /* Release */,
			);
			defaultConfigurationIsVisible = 0;
			defaultConfigurationName = Release;
		};
/* End XCConfigurationList section */
	};
	rootObject = 263EDED51F72090500F08DA9 /* Project object */;
}
